
Microsoft Visual Studio Solution File, Format Version 12.00
# Visual Studio 15
VisualStudioVersion = 15.0.28010.2019
MinimumVisualStudioVersion = 10.0.40219.1
Project("{FAE04EC0-301F-11D3-BF4B-00C04F79EFBC}") = "ClassBox", "Class Box\ClassBox.csproj", "{4DD9985C-B2ED-41E9-9C60-C78E927512AD}"
EndProject
Global
	GlobalSection(SolutionConfigurationPlatforms) = preSolution
		Debug|Any CPU = Debug|Any CPU
		Release|Any CPU = Release|Any CPU
	EndGlobalSection
	GlobalSection(ProjectConfigurationPlatforms) = postSolution
		{4DD9985C-B2ED-41E9-9C60-C78E927512AD}.Debug|Any CPU.ActiveCfg = Debug|Any CPU
		{4DD9985C-B2ED-41E9-9C60-C78E927512AD}.Debug|Any CPU.Build.0 = Debug|Any CPU
		{4DD9985C-B2ED-41E9-9C60-C78E927512AD}.Release|Any CPU.ActiveCfg = Release|Any CPU
		{4DD9985C-B2ED-41E9-9C60-C78E927512AD}.Release|Any CPU.Build.0 = Release|Any CPU
	EndGlobalSection
	GlobalSection(SolutionProperties) = preSolution
		HideSolutionNode = FALSE
	EndGlobalSection
	GlobalSection(ExtensibilityGlobals) = postSolution
		SolutionGuid = {3B5FE0F8-E79F-4BC0-BB88-0D40FDBC4B33}
	EndGlobalSection
EndGlobal
