
Microsoft Visual Studio Solution File, Format Version 12.00
# Visual Studio 15
VisualStudioVersion = 15.0.28010.2019
MinimumVisualStudioVersion = 10.0.40219.1
Project("{FAE04EC0-301F-11D3-BF4B-00C04F79EFBC}") = "ShoppingSpree", "Shopping Spree\ShoppingSpree.csproj", "{D569D8A8-DD18-4ADE-9628-D182170D0A6F}"
EndProject
Global
	GlobalSection(SolutionConfigurationPlatforms) = preSolution
		Debug|Any CPU = Debug|Any CPU
		Release|Any CPU = Release|Any CPU
	EndGlobalSection
	GlobalSection(ProjectConfigurationPlatforms) = postSolution
		{D569D8A8-DD18-4ADE-9628-D182170D0A6F}.Debug|Any CPU.ActiveCfg = Debug|Any CPU
		{D569D8A8-DD18-4ADE-9628-D182170D0A6F}.Debug|Any CPU.Build.0 = Debug|Any CPU
		{D569D8A8-DD18-4ADE-9628-D182170D0A6F}.Release|Any CPU.ActiveCfg = Release|Any CPU
		{D569D8A8-DD18-4ADE-9628-D182170D0A6F}.Release|Any CPU.Build.0 = Release|Any CPU
	EndGlobalSection
	GlobalSection(SolutionProperties) = preSolution
		HideSolutionNode = FALSE
	EndGlobalSection
	GlobalSection(ExtensibilityGlobals) = postSolution
		SolutionGuid = {59DE31CB-2C1C-4E37-B382-6BE451ECAA9D}
	EndGlobalSection
EndGlobal
