
Microsoft Visual Studio Solution File, Format Version 12.00
# Visual Studio 15
VisualStudioVersion = 15.0.28010.2019
MinimumVisualStudioVersion = 10.0.40219.1
Project("{FAE04EC0-301F-11D3-BF4B-00C04F79EFBC}") = "Person", "Person\Person.csproj", "{C0B00520-C491-43BA-A1C1-5C817A199945}"
EndProject
Global
	GlobalSection(SolutionConfigurationPlatforms) = preSolution
		Debug|Any CPU = Debug|Any CPU
		Release|Any CPU = Release|Any CPU
	EndGlobalSection
	GlobalSection(ProjectConfigurationPlatforms) = postSolution
		{C0B00520-C491-43BA-A1C1-5C817A199945}.Debug|Any CPU.ActiveCfg = Debug|Any CPU
		{C0B00520-C491-43BA-A1C1-5C817A199945}.Debug|Any CPU.Build.0 = Debug|Any CPU
		{C0B00520-C491-43BA-A1C1-5C817A199945}.Release|Any CPU.ActiveCfg = Release|Any CPU
		{C0B00520-C491-43BA-A1C1-5C817A199945}.Release|Any CPU.Build.0 = Release|Any CPU
	EndGlobalSection
	GlobalSection(SolutionProperties) = preSolution
		HideSolutionNode = FALSE
	EndGlobalSection
	GlobalSection(ExtensibilityGlobals) = postSolution
		SolutionGuid = {947FEA0F-0EAB-4EE1-A31C-5AE5315863FF}
	EndGlobalSection
EndGlobal
