
Microsoft Visual Studio Solution File, Format Version 12.00
# Visual Studio 15
VisualStudioVersion = 15.0.28010.2019
MinimumVisualStudioVersion = 10.0.40219.1
Project("{9A19103F-16F7-4668-BE54-9A1E7A4F7556}") = "P02_BlackBoxInteger", "P02_BlackBoxInteger.csproj", "{3AA59CA4-9A48-4453-8B08-765B405BE917}"
EndProject
Global
	GlobalSection(SolutionConfigurationPlatforms) = preSolution
		Debug|Any CPU = Debug|Any CPU
		Release|Any CPU = Release|Any CPU
	EndGlobalSection
	GlobalSection(ProjectConfigurationPlatforms) = postSolution
		{3AA59CA4-9A48-4453-8B08-765B405BE917}.Debug|Any CPU.ActiveCfg = Debug|Any CPU
		{3AA59CA4-9A48-4453-8B08-765B405BE917}.Debug|Any CPU.Build.0 = Debug|Any CPU
		{3AA59CA4-9A48-4453-8B08-765B405BE917}.Release|Any CPU.ActiveCfg = Release|Any CPU
		{3AA59CA4-9A48-4453-8B08-765B405BE917}.Release|Any CPU.Build.0 = Release|Any CPU
	EndGlobalSection
	GlobalSection(SolutionProperties) = preSolution
		HideSolutionNode = FALSE
	EndGlobalSection
	GlobalSection(ExtensibilityGlobals) = postSolution
		SolutionGuid = {E2CC3073-078F-41FD-88CB-14935230A2D1}
	EndGlobalSection
EndGlobal
