
Microsoft Visual Studio Solution File, Format Version 12.00
# Visual Studio 15
VisualStudioVersion = 15.0.28010.2019
MinimumVisualStudioVersion = 10.0.40219.1
Project("{FAE04EC0-301F-11D3-BF4B-00C04F79EFBC}") = "SmartPhone", "SmartPhone\SmartPhone.csproj", "{FEC6D732-E2A8-4740-926A-EAC149B6196E}"
EndProject
Global
	GlobalSection(SolutionConfigurationPlatforms) = preSolution
		Debug|Any CPU = Debug|Any CPU
		Release|Any CPU = Release|Any CPU
	EndGlobalSection
	GlobalSection(ProjectConfigurationPlatforms) = postSolution
		{FEC6D732-E2A8-4740-926A-EAC149B6196E}.Debug|Any CPU.ActiveCfg = Debug|Any CPU
		{FEC6D732-E2A8-4740-926A-EAC149B6196E}.Debug|Any CPU.Build.0 = Debug|Any CPU
		{FEC6D732-E2A8-4740-926A-EAC149B6196E}.Release|Any CPU.ActiveCfg = Release|Any CPU
		{FEC6D732-E2A8-4740-926A-EAC149B6196E}.Release|Any CPU.Build.0 = Release|Any CPU
	EndGlobalSection
	GlobalSection(SolutionProperties) = preSolution
		HideSolutionNode = FALSE
	EndGlobalSection
	GlobalSection(ExtensibilityGlobals) = postSolution
		SolutionGuid = {E42A249C-8F91-4D5B-A8E4-4F6333479158}
	EndGlobalSection
EndGlobal
