
Microsoft Visual Studio Solution File, Format Version 12.00
# Visual Studio 15
VisualStudioVersion = 15.0.28010.2019
MinimumVisualStudioVersion = 10.0.40219.1
Project("{FAE04EC0-301F-11D3-BF4B-00C04F79EFBC}") = "ReflectionTrainin", "ReflectionTrainin\ReflectionTrainin.csproj", "{07B1ECE8-B927-4F04-ADBF-C4DF6E8DC72A}"
EndProject
Global
	GlobalSection(SolutionConfigurationPlatforms) = preSolution
		Debug|Any CPU = Debug|Any CPU
		Release|Any CPU = Release|Any CPU
	EndGlobalSection
	GlobalSection(ProjectConfigurationPlatforms) = postSolution
		{07B1ECE8-B927-4F04-ADBF-C4DF6E8DC72A}.Debug|Any CPU.ActiveCfg = Debug|Any CPU
		{07B1ECE8-B927-4F04-ADBF-C4DF6E8DC72A}.Debug|Any CPU.Build.0 = Debug|Any CPU
		{07B1ECE8-B927-4F04-ADBF-C4DF6E8DC72A}.Release|Any CPU.ActiveCfg = Release|Any CPU
		{07B1ECE8-B927-4F04-ADBF-C4DF6E8DC72A}.Release|Any CPU.Build.0 = Release|Any CPU
	EndGlobalSection
	GlobalSection(SolutionProperties) = preSolution
		HideSolutionNode = FALSE
	EndGlobalSection
	GlobalSection(ExtensibilityGlobals) = postSolution
		SolutionGuid = {11D03E06-8891-496C-B65D-E49C2EC3235A}
	EndGlobalSection
EndGlobal
